
Microsoft Visual Studio Solution File, Format Version 12.00
# Visual Studio 15
VisualStudioVersion = 15.0.26403.3
MinimumVisualStudioVersion = 10.0.40219.1
Project("{2150E333-8FDC-42A3-9474-1A3956D46DE8}") = "NLog", "NLog", "{61705AE8-0D5A-44DA-AA6C-D2A4A9B96585}"
EndProject
Project("{2150E333-8FDC-42A3-9474-1A3956D46DE8}") = "Serilog", "Serilog", "{992C24B5-5ADC-4177-9AE6-5B0FDFB340EE}"
EndProject
Project("{2150E333-8FDC-42A3-9474-1A3956D46DE8}") = "elmah_io", "elmah_io", "{749C4E6C-C479-4E79-A601-B6BF17180231}"
EndProject
Project("{9A19103F-16F7-4668-BE54-9A1E7A4F7556}") = "AspNetCoreNlog", "NLog\AspNetCoreNLog\AspNetCoreNlog.csproj", "{5FC79C78-B783-4391-BBFB-73BD6C42984B}"
EndProject
Project("{9A19103F-16F7-4668-BE54-9A1E7A4F7556}") = "CustomIdentityServer4", "Serilog\IdentityServer4WithCustomUserRepository\CustomIdentityServer4.csproj", "{7AE6A2B0-3C37-4E41-AA7F-5B03688B3AC0}"
EndProject
Project("{9A19103F-16F7-4668-BE54-9A1E7A4F7556}") = "AspNetCoreResourceServer", "Serilog\AspNetCoreResourceServer\AspNetCoreResourceServer.csproj", "{D2102B72-C7D3-4FA1-B8CD-29823762845F}"
EndProject
Project("{9A19103F-16F7-4668-BE54-9A1E7A4F7556}") = "ConsoleResourceOwnerFlowRefreshToken", "Serilog\ConsoleResourceOwnerFlowRefreshToken\ConsoleResourceOwnerFlowRefreshToken.csproj", "{F12DF8FA-9C54-48C3-AF0E-E3EE2BA59BCA}"
EndProject
Project("{9A19103F-16F7-4668-BE54-9A1E7A4F7556}") = "AspNetCoreElmah", "elmah_io\AspNetCoreElmah\AspNetCoreElmah.csproj", "{BAF4B6F6-CD95-40E9-926E-9441624C9768}"
EndProject
Project("{9A19103F-16F7-4668-BE54-9A1E7A4F7556}") = "AspNetCoreElmahUI", "elmah_io\AspNetCoreElmahUI\AspNetCoreElmahUI.csproj", "{0688F1A6-E361-4783-9D62-0CFB0249139F}"
EndProject
Project("{2150E333-8FDC-42A3-9474-1A3956D46DE8}") = "Framework", "Framework", "{297A51A6-9FA8-4137-B4D6-DA31291C0114}"
EndProject
Project("{2150E333-8FDC-42A3-9474-1A3956D46DE8}") = "Syslog", "Syslog", "{ED0B7050-1CBE-4035-86A2-90D08DCA4AC3}"
EndProject
Project("{9A19103F-16F7-4668-BE54-9A1E7A4F7556}") = "AspNetCoreSyslog", "Syslog\AspNetCoreSyslog\AspNetCoreSyslog.csproj", "{B83A7F96-BF36-429F-81B8-C74143638567}"
EndProject
Project("{FAE04EC0-301F-11D3-BF4B-00C04F79EFBC}") = "AspNetCoreLogging", "AspNetCoreLogging\AspNetCoreLogging.csproj", "{4BCDC26A-6067-4E2C-A747-5340EAE8FF72}"
EndProject
Project("{9A19103F-16F7-4668-BE54-9A1E7A4F7556}") = "AspNetCoreResourceServerTwo", "Serilog\AspNetCoreResourceServerTwo\AspNetCoreResourceServerTwo.csproj", "{0298B0EE-1C78-4104-844A-EF0ADA6EE3A4}"
EndProject
Global
	GlobalSection(SolutionConfigurationPlatforms) = preSolution
		Debug|Any CPU = Debug|Any CPU
		Release|Any CPU = Release|Any CPU
	EndGlobalSection
	GlobalSection(ProjectConfigurationPlatforms) = postSolution
		{5FC79C78-B783-4391-BBFB-73BD6C42984B}.Debug|Any CPU.ActiveCfg = Debug|Any CPU
		{5FC79C78-B783-4391-BBFB-73BD6C42984B}.Debug|Any CPU.Build.0 = Debug|Any CPU
		{5FC79C78-B783-4391-BBFB-73BD6C42984B}.Release|Any CPU.ActiveCfg = Release|Any CPU
		{5FC79C78-B783-4391-BBFB-73BD6C42984B}.Release|Any CPU.Build.0 = Release|Any CPU
		{7AE6A2B0-3C37-4E41-AA7F-5B03688B3AC0}.Debug|Any CPU.ActiveCfg = Debug|Any CPU
		{7AE6A2B0-3C37-4E41-AA7F-5B03688B3AC0}.Debug|Any CPU.Build.0 = Debug|Any CPU
		{7AE6A2B0-3C37-4E41-AA7F-5B03688B3AC0}.Release|Any CPU.ActiveCfg = Release|Any CPU
		{7AE6A2B0-3C37-4E41-AA7F-5B03688B3AC0}.Release|Any CPU.Build.0 = Release|Any CPU
		{D2102B72-C7D3-4FA1-B8CD-29823762845F}.Debug|Any CPU.ActiveCfg = Debug|Any CPU
		{D2102B72-C7D3-4FA1-B8CD-29823762845F}.Debug|Any CPU.Build.0 = Debug|Any CPU
		{D2102B72-C7D3-4FA1-B8CD-29823762845F}.Release|Any CPU.ActiveCfg = Release|Any CPU
		{D2102B72-C7D3-4FA1-B8CD-29823762845F}.Release|Any CPU.Build.0 = Release|Any CPU
		{F12DF8FA-9C54-48C3-AF0E-E3EE2BA59BCA}.Debug|Any CPU.ActiveCfg = Debug|Any CPU
		{F12DF8FA-9C54-48C3-AF0E-E3EE2BA59BCA}.Debug|Any CPU.Build.0 = Debug|Any CPU
		{F12DF8FA-9C54-48C3-AF0E-E3EE2BA59BCA}.Release|Any CPU.ActiveCfg = Release|Any CPU
		{F12DF8FA-9C54-48C3-AF0E-E3EE2BA59BCA}.Release|Any CPU.Build.0 = Release|Any CPU
		{BAF4B6F6-CD95-40E9-926E-9441624C9768}.Debug|Any CPU.ActiveCfg = Debug|Any CPU
		{BAF4B6F6-CD95-40E9-926E-9441624C9768}.Debug|Any CPU.Build.0 = Debug|Any CPU
		{BAF4B6F6-CD95-40E9-926E-9441624C9768}.Release|Any CPU.ActiveCfg = Release|Any CPU
		{BAF4B6F6-CD95-40E9-926E-9441624C9768}.Release|Any CPU.Build.0 = Release|Any CPU
		{0688F1A6-E361-4783-9D62-0CFB0249139F}.Debug|Any CPU.ActiveCfg = Debug|Any CPU
		{0688F1A6-E361-4783-9D62-0CFB0249139F}.Debug|Any CPU.Build.0 = Debug|Any CPU
		{0688F1A6-E361-4783-9D62-0CFB0249139F}.Release|Any CPU.ActiveCfg = Release|Any CPU
		{0688F1A6-E361-4783-9D62-0CFB0249139F}.Release|Any CPU.Build.0 = Release|Any CPU
		{B83A7F96-BF36-429F-81B8-C74143638567}.Debug|Any CPU.ActiveCfg = Debug|Any CPU
		{B83A7F96-BF36-429F-81B8-C74143638567}.Debug|Any CPU.Build.0 = Debug|Any CPU
		{B83A7F96-BF36-429F-81B8-C74143638567}.Release|Any CPU.ActiveCfg = Release|Any CPU
		{B83A7F96-BF36-429F-81B8-C74143638567}.Release|Any CPU.Build.0 = Release|Any CPU
		{4BCDC26A-6067-4E2C-A747-5340EAE8FF72}.Debug|Any CPU.ActiveCfg = Debug|Any CPU
		{4BCDC26A-6067-4E2C-A747-5340EAE8FF72}.Debug|Any CPU.Build.0 = Debug|Any CPU
		{4BCDC26A-6067-4E2C-A747-5340EAE8FF72}.Release|Any CPU.ActiveCfg = Release|Any CPU
		{4BCDC26A-6067-4E2C-A747-5340EAE8FF72}.Release|Any CPU.Build.0 = Release|Any CPU
		{0298B0EE-1C78-4104-844A-EF0ADA6EE3A4}.Debug|Any CPU.ActiveCfg = Debug|Any CPU
		{0298B0EE-1C78-4104-844A-EF0ADA6EE3A4}.Debug|Any CPU.Build.0 = Debug|Any CPU
		{0298B0EE-1C78-4104-844A-EF0ADA6EE3A4}.Release|Any CPU.ActiveCfg = Release|Any CPU
		{0298B0EE-1C78-4104-844A-EF0ADA6EE3A4}.Release|Any CPU.Build.0 = Release|Any CPU
	EndGlobalSection
	GlobalSection(SolutionProperties) = preSolution
		HideSolutionNode = FALSE
	EndGlobalSection
	GlobalSection(NestedProjects) = preSolution
		{5FC79C78-B783-4391-BBFB-73BD6C42984B} = {61705AE8-0D5A-44DA-AA6C-D2A4A9B96585}
		{7AE6A2B0-3C37-4E41-AA7F-5B03688B3AC0} = {992C24B5-5ADC-4177-9AE6-5B0FDFB340EE}
		{D2102B72-C7D3-4FA1-B8CD-29823762845F} = {992C24B5-5ADC-4177-9AE6-5B0FDFB340EE}
		{F12DF8FA-9C54-48C3-AF0E-E3EE2BA59BCA} = {992C24B5-5ADC-4177-9AE6-5B0FDFB340EE}
		{BAF4B6F6-CD95-40E9-926E-9441624C9768} = {749C4E6C-C479-4E79-A601-B6BF17180231}
		{0688F1A6-E361-4783-9D62-0CFB0249139F} = {749C4E6C-C479-4E79-A601-B6BF17180231}
		{B83A7F96-BF36-429F-81B8-C74143638567} = {ED0B7050-1CBE-4035-86A2-90D08DCA4AC3}
		{4BCDC26A-6067-4E2C-A747-5340EAE8FF72} = {297A51A6-9FA8-4137-B4D6-DA31291C0114}
		{0298B0EE-1C78-4104-844A-EF0ADA6EE3A4} = {992C24B5-5ADC-4177-9AE6-5B0FDFB340EE}
	EndGlobalSection
EndGlobal
